// !$*UTF8*$!
{
	archiveVersion = 1;
	classes = {
	};
	objectVersion = 56;
	objects = {

/* Begin PBXBuildFile section */
		51CEDED32CBBD24D006EC086 /* Pocket_Size_SkyeApp.swift in Sources */ = {isa = PBXBuildFile; fileRef = 51CEDED22CBBD24D006EC086 /* Pocket_Size_SkyeApp.swift */; };
		51CEDED52CBBD24D006EC086 /* ContentView.swift in Sources */ = {isa = PBXBuildFile; fileRef = 51CEDED42CBBD24D006EC086 /* ContentView.swift */; };
		51CEDED72CBBD255006EC086 /* Assets.xcassets in Resources */ = {isa = PBXBuildFile; fileRef = 51CEDED62CBBD255006EC086 /* Assets.xcassets */; };
		51CEDEDA2CBBD255006EC086 /* Preview Assets.xcassets in Resources */ = {isa = PBXBuildFile; fileRef = 51CEDED92CBBD255006EC086 /* Preview Assets.xcassets */; };
		51CEDEE42CBBD257006EC086 /* Pocket_Size_SkyeTests.swift in Sources */ = {isa = PBXBuildFile; fileRef = 51CEDEE32CBBD257006EC086 /* Pocket_Size_SkyeTests.swift */; };
		51CEDEEE2CBBD257006EC086 /* Pocket_Size_SkyeUITests.swift in Sources */ = {isa = PBXBuildFile; fileRef = 51CEDEED2CBBD257006EC086 /* Pocket_Size_SkyeUITests.swift */; };
		51CEDEF02CBBD257006EC086 /* Pocket_Size_SkyeUITestsLaunchTests.swift in Sources */ = {isa = PBXBuildFile; fileRef = 51CEDEEF2CBBD257006EC086 /* Pocket_Size_SkyeUITestsLaunchTests.swift */; };
/* End PBXBuildFile section */

/* Begin PBXContainerItemProxy section */
		51CEDEE02CBBD257006EC086 /* PBXContainerItemProxy */ = {
			isa = PBXContainerItemProxy;
			containerPortal = 51CEDEC72CBBD24D006EC086 /* Project object */;
			proxyType = 1;
			remoteGlobalIDString = 51CEDECE2CBBD24D006EC086;
			remoteInfo = "Pocket Size Skye";
		};
		51CEDEEA2CBBD257006EC086 /* PBXContainerItemProxy */ = {
			isa = PBXContainerItemProxy;
			containerPortal = 51CEDEC72CBBD24D006EC086 /* Project object */;
			proxyType = 1;
			remoteGlobalIDString = 51CEDECE2CBBD24D006EC086;
			remoteInfo = "Pocket Size Skye";
		};
/* End PBXContainerItemProxy section */

/* Begin PBXFileReference section */
		51CEDECF2CBBD24D006EC086 /* Pocket Size Skye.app */ = {isa = PBXFileReference; explicitFileType = wrapper.application; includeInIndex = 0; path = "Pocket Size Skye.app"; sourceTree = BUILT_PRODUCTS_DIR; };
		51CEDED22CBBD24D006EC086 /* Pocket_Size_SkyeApp.swift */ = {isa = PBXFileReference; lastKnownFileType = sourcecode.swift; path = Pocket_Size_SkyeApp.swift; sourceTree = "<group>"; };
		51CEDED42CBBD24D006EC086 /* ContentView.swift */ = {isa = PBXFileReference; lastKnownFileType = sourcecode.swift; path = ContentView.swift; sourceTree = "<group>"; };
		51CEDED62CBBD255006EC086 /* Assets.xcassets */ = {isa = PBXFileReference; lastKnownFileType = folder.assetcatalog; path = Assets.xcassets; sourceTree = "<group>"; };
		51CEDED92CBBD255006EC086 /* Preview Assets.xcassets */ = {isa = PBXFileReference; lastKnownFileType = folder.assetcatalog; path = "Preview Assets.xcassets"; sourceTree = "<group>"; };
		51CEDEDF2CBBD256006EC086 /* Pocket Size SkyeTests.xctest */ = {isa = PBXFileReference; explicitFileType = wrapper.cfbundle; includeInIndex = 0; path = "Pocket Size SkyeTests.xctest"; sourceTree = BUILT_PRODUCTS_DIR; };
		51CEDEE32CBBD257006EC086 /* Pocket_Size_SkyeTests.swift */ = {isa = PBXFileReference; lastKnownFileType = sourcecode.swift; path = Pocket_Size_SkyeTests.swift; sourceTree = "<group>"; };
		51CEDEE92CBBD257006EC086 /* Pocket Size SkyeUITests.xctest */ = {isa = PBXFileReference; explicitFileType = wrapper.cfbundle; includeInIndex = 0; path = "Pocket Size SkyeUITests.xctest"; sourceTree = BUILT_PRODUCTS_DIR; };
		51CEDEED2CBBD257006EC086 /* Pocket_Size_SkyeUITests.swift */ = {isa = PBXFileReference; lastKnownFileType = sourcecode.swift; path = Pocket_Size_SkyeUITests.swift; sourceTree = "<group>"; };
		51CEDEEF2CBBD257006EC086 /* Pocket_Size_SkyeUITestsLaunchTests.swift */ = {isa = PBXFileReference; lastKnownFileType = sourcecode.swift; path = Pocket_Size_SkyeUITestsLaunchTests.swift; sourceTree = "<group>"; };
/* End PBXFileReference section */

/* Begin PBXFrameworksBuildPhase section */
		51CEDECC2CBBD24D006EC086 /* Frameworks */ = {
			isa = PBXFrameworksBuildPhase;
			buildActionMask = 2147483647;
			files = (
			);
			runOnlyForDeploymentPostprocessing = 0;
		};
		51CEDEDC2CBBD256006EC086 /* Frameworks */ = {
			isa = PBXFrameworksBuildPhase;
			buildActionMask = 2147483647;
			files = (
			);
			runOnlyForDeploymentPostprocessing = 0;
		};
		51CEDEE62CBBD257006EC086 /* Frameworks */ = {
			isa = PBXFrameworksBuildPhase;
			buildActionMask = 2147483647;
			files = (
			);
			runOnlyForDeploymentPostprocessing = 0;
		};
/* End PBXFrameworksBuildPhase section */

/* Begin PBXGroup section */
		51CEDEC62CBBD24D006EC086 = {
			isa = PBXGroup;
			children = (
				51CEDED12CBBD24D006EC086 /* Pocket Size Skye */,
				51CEDEE22CBBD257006EC086 /* Pocket Size SkyeTests */,
				51CEDEEC2CBBD257006EC086 /* Pocket Size SkyeUITests */,
				51CEDED02CBBD24D006EC086 /* Products */,
			);
			sourceTree = "<group>";
		};
		51CEDED02CBBD24D006EC086 /* Products */ = {
			isa = PBXGroup;
			children = (
				51CEDECF2CBBD24D006EC086 /* Pocket Size Skye.app */,
				51CEDEDF2CBBD256006EC086 /* Pocket Size SkyeTests.xctest */,
				51CEDEE92CBBD257006EC086 /* Pocket Size SkyeUITests.xctest */,
			);
			name = Products;
			sourceTree = "<group>";
		};
		51CEDED12CBBD24D006EC086 /* Pocket Size Skye */ = {
			isa = PBXGroup;
			children = (
				51CEDED22CBBD24D006EC086 /* Pocket_Size_SkyeApp.swift */,
				51CEDED42CBBD24D006EC086 /* ContentView.swift */,
				51CEDED62CBBD255006EC086 /* Assets.xcassets */,
				51CEDED82CBBD255006EC086 /* Preview Content */,
			);
			path = "Pocket Size Skye";
			sourceTree = "<group>";
		};
		51CEDED82CBBD255006EC086 /* Preview Content */ = {
			isa = PBXGroup;
			children = (
				51CEDED92CBBD255006EC086 /* Preview Assets.xcassets */,
			);
			path = "Preview Content";
			sourceTree = "<group>";
		};
		51CEDEE22CBBD257006EC086 /* Pocket Size SkyeTests */ = {
			isa = PBXGroup;
			children = (
				51CEDEE32CBBD257006EC086 /* Pocket_Size_SkyeTests.swift */,
			);
			path = "Pocket Size SkyeTests";
			sourceTree = "<group>";
		};
		51CEDEEC2CBBD257006EC086 /* Pocket Size SkyeUITests */ = {
			isa = PBXGroup;
			children = (
				51CEDEED2CBBD257006EC086 /* Pocket_Size_SkyeUITests.swift */,
				51CEDEEF2CBBD257006EC086 /* Pocket_Size_SkyeUITestsLaunchTests.swift */,
			);
			path = "Pocket Size SkyeUITests";
			sourceTree = "<group>";
		};
/* End PBXGroup section */

/* Begin PBXNativeTarget section */
		51CEDECE2CBBD24D006EC086 /* Pocket Size Skye */ = {
			isa = PBXNativeTarget;
			buildConfigurationList = 51CEDEF32CBBD257006EC086 /* Build configuration list for PBXNativeTarget "Pocket Size Skye" */;
			buildPhases = (
				51CEDECB2CBBD24D006EC086 /* Sources */,
				51CEDECC2CBBD24D006EC086 /* Frameworks */,
				51CEDECD2CBBD24D006EC086 /* Resources */,
			);
			buildRules = (
			);
			dependencies = (
			);
			name = "Pocket Size Skye";
			productName = "Pocket Size Skye";
			productReference = 51CEDECF2CBBD24D006EC086 /* Pocket Size Skye.app */;
			productType = "com.apple.product-type.application";
		};
		51CEDEDE2CBBD256006EC086 /* Pocket Size SkyeTests */ = {
			isa = PBXNativeTarget;
			buildConfigurationList = 51CEDEF62CBBD257006EC086 /* Build configuration list for PBXNativeTarget "Pocket Size SkyeTests" */;
			buildPhases = (
				51CEDEDB2CBBD256006EC086 /* Sources */,
				51CEDEDC2CBBD256006EC086 /* Frameworks */,
				51CEDEDD2CBBD256006EC086 /* Resources */,
			);
			buildRules = (
			);
			dependencies = (
				51CEDEE12CBBD257006EC086 /* PBXTargetDependency */,
			);
			name = "Pocket Size SkyeTests";
			productName = "Pocket Size SkyeTests";
			productReference = 51CEDEDF2CBBD256006EC086 /* Pocket Size SkyeTests.xctest */;
			productType = "com.apple.product-type.bundle.unit-test";
		};
		51CEDEE82CBBD257006EC086 /* Pocket Size SkyeUITests */ = {
			isa = PBXNativeTarget;
			buildConfigurationList = 51CEDEF92CBBD257006EC086 /* Build configuration list for PBXNativeTarget "Pocket Size SkyeUITests" */;
			buildPhases = (
				51CEDEE52CBBD257006EC086 /* Sources */,
				51CEDEE62CBBD257006EC086 /* Frameworks */,
				51CEDEE72CBBD257006EC086 /* Resources */,
			);
			buildRules = (
			);
			dependencies = (
				51CEDEEB2CBBD257006EC086 /* PBXTargetDependency */,
			);
			name = "Pocket Size SkyeUITests";
			productName = "Pocket Size SkyeUITests";
			productReference = 51CEDEE92CBBD257006EC086 /* Pocket Size SkyeUITests.xctest */;
			productType = "com.apple.product-type.bundle.ui-testing";
		};
/* End PBXNativeTarget section */

/* Begin PBXProject section */
		51CEDEC72CBBD24D006EC086 /* Project object */ = {
			isa = PBXProject;
			attributes = {
				BuildIndependentTargetsInParallel = 1;
				LastSwiftUpdateCheck = 1420;
				LastUpgradeCheck = 1420;
				TargetAttributes = {
					51CEDECE2CBBD24D006EC086 = {
						CreatedOnToolsVersion = 14.2;
					};
					51CEDEDE2CBBD256006EC086 = {
						CreatedOnToolsVersion = 14.2;
						TestTargetID = 51CEDECE2CBBD24D006EC086;
					};
					51CEDEE82CBBD257006EC086 = {
						CreatedOnToolsVersion = 14.2;
						TestTargetID = 51CEDECE2CBBD24D006EC086;
					};
				};
			};
			buildConfigurationList = 51CEDECA2CBBD24D006EC086 /* Build configuration list for PBXProject "Pocket Size Skye" */;
			compatibilityVersion = "Xcode 14.0";
			developmentRegion = en;
			hasScannedForEncodings = 0;
			knownRegions = (
				en,
				Base,
			);
			mainGroup = 51CEDEC62CBBD24D006EC086;
			productRefGroup = 51CEDED02CBBD24D006EC086 /* Products */;
			projectDirPath = "";
			projectRoot = "";
			targets = (
				51CEDECE2CBBD24D006EC086 /* Pocket Size Skye */,
				51CEDEDE2CBBD256006EC086 /* Pocket Size SkyeTests */,
				51CEDEE82CBBD257006EC086 /* Pocket Size SkyeUITests */,
			);
		};
/* End PBXProject section */

/* Begin PBXResourcesBuildPhase section */
		51CEDECD2CBBD24D006EC086 /* Resources */ = {
			isa = PBXResourcesBuildPhase;
			buildActionMask = 2147483647;
			files = (
				51CEDEDA2CBBD255006EC086 /* Preview Assets.xcassets in Resources */,
				51CEDED72CBBD255006EC086 /* Assets.xcassets in Resources */,
			);
			runOnlyForDeploymentPostprocessing = 0;
		};
		51CEDEDD2CBBD256006EC086 /* Resources */ = {
			isa = PBXResourcesBuildPhase;
			buildActionMask = 2147483647;
			files = (
			);
			runOnlyForDeploymentPostprocessing = 0;
		};
		51CEDEE72CBBD257006EC086 /* Resources */ = {
			isa = PBXResourcesBuildPhase;
			buildActionMask = 2147483647;
			files = (
			);
			runOnlyForDeploymentPostprocessing = 0;
		};
/* End PBXResourcesBuildPhase section */

/* Begin PBXSourcesBuildPhase section */
		51CEDECB2CBBD24D006EC086 /* Sources */ = {
			isa = PBXSourcesBuildPhase;
			buildActionMask = 2147483647;
			files = (
				51CEDED52CBBD24D006EC086 /* ContentView.swift in Sources */,
				51CEDED32CBBD24D006EC086 /* Pocket_Size_SkyeApp.swift in Sources */,
			);
			runOnlyForDeploymentPostprocessing = 0;
		};
		51CEDEDB2CBBD256006EC086 /* Sources */ = {
			isa = PBXSourcesBuildPhase;
			buildActionMask = 2147483647;
			files = (
				51CEDEE42CBBD257006EC086 /* Pocket_Size_SkyeTests.swift in Sources */,
			);
			runOnlyForDeploymentPostprocessing = 0;
		};
		51CEDEE52CBBD257006EC086 /* Sources */ = {
			isa = PBXSourcesBuildPhase;
			buildActionMask = 2147483647;
			files = (
				51CEDEEE2CBBD257006EC086 /* Pocket_Size_SkyeUITests.swift in Sources */,
				51CEDEF02CBBD257006EC086 /* Pocket_Size_SkyeUITestsLaunchTests.swift in Sources */,
			);
			runOnlyForDeploymentPostprocessing = 0;
		};
/* End PBXSourcesBuildPhase section */

/* Begin PBXTargetDependency section */
		51CEDEE12CBBD257006EC086 /* PBXTargetDependency */ = {
			isa = PBXTargetDependency;
			target = 51CEDECE2CBBD24D006EC086 /* Pocket Size Skye */;
			targetProxy = 51CEDEE02CBBD257006EC086 /* PBXContainerItemProxy */;
		};
		51CEDEEB2CBBD257006EC086 /* PBXTargetDependency */ = {
			isa = PBXTargetDependency;
			target = 51CEDECE2CBBD24D006EC086 /* Pocket Size Skye */;
			targetProxy = 51CEDEEA2CBBD257006EC086 /* PBXContainerItemProxy */;
		};
/* End PBXTargetDependency section */

/* Begin XCBuildConfiguration section */
		51CEDEF12CBBD257006EC086 /* Debug */ = {
			isa = XCBuildConfiguration;
			buildSettings = {
				ALWAYS_SEARCH_USER_PATHS = NO;
				CLANG_ANALYZER_NONNULL = YES;
				CLANG_ANALYZER_NUMBER_OBJECT_CONVERSION = YES_AGGRESSIVE;
				CLANG_CXX_LANGUAGE_STANDARD = "gnu++20";
				CLANG_ENABLE_MODULES = YES;
				CLANG_ENABLE_OBJC_ARC = YES;
				CLANG_ENABLE_OBJC_WEAK = YES;
				CLANG_WARN_BLOCK_CAPTURE_AUTORELEASING = YES;
				CLANG_WARN_BOOL_CONVERSION = YES;
				CLANG_WARN_COMMA = YES;
				CLANG_WARN_CONSTANT_CONVERSION = YES;
				CLANG_WARN_DEPRECATED_OBJC_IMPLEMENTATIONS = YES;
				CLANG_WARN_DIRECT_OBJC_ISA_USAGE = YES_ERROR;
				CLANG_WARN_DOCUMENTATION_COMMENTS = YES;
				CLANG_WARN_EMPTY_BODY = YES;
				CLANG_WARN_ENUM_CONVERSION = YES;
				CLANG_WARN_INFINITE_RECURSION = YES;
				CLANG_WARN_INT_CONVERSION = YES;
				CLANG_WARN_NON_LITERAL_NULL_CONVERSION = YES;
				CLANG_WARN_OBJC_IMPLICIT_RETAIN_SELF = YES;
				CLANG_WARN_OBJC_LITERAL_CONVERSION = YES;
				CLANG_WARN_OBJC_ROOT_CLASS = YES_ERROR;
				CLANG_WARN_QUOTED_INCLUDE_IN_FRAMEWORK_HEADER = YES;
				CLANG_WARN_RANGE_LOOP_ANALYSIS = YES;
				CLANG_WARN_STRICT_PROTOTYPES = YES;
				CLANG_WARN_SUSPICIOUS_MOVE = YES;
				CLANG_WARN_UNGUARDED_AVAILABILITY = YES_AGGRESSIVE;
				CLANG_WARN_UNREACHABLE_CODE = YES;
				CLANG_WARN__DUPLICATE_METHOD_MATCH = YES;
				COPY_PHASE_STRIP = NO;
				DEBUG_INFORMATION_FORMAT = dwarf;
				ENABLE_STRICT_OBJC_MSGSEND = YES;
				ENABLE_TESTABILITY = YES;
				GCC_C_LANGUAGE_STANDARD = gnu11;
				GCC_DYNAMIC_NO_PIC = NO;
				GCC_NO_COMMON_BLOCKS = YES;
				GCC_OPTIMIZATION_LEVEL = 0;
				GCC_PREPROCESSOR_DEFINITIONS = (
					"DEBUG=1",
					"$(inherited)",
				);
				GCC_WARN_64_TO_32_BIT_CONVERSION = YES;
				GCC_WARN_ABOUT_RETURN_TYPE = YES_ERROR;
				GCC_WARN_UNDECLARED_SELECTOR = YES;
				GCC_WARN_UNINITIALIZED_AUTOS = YES_AGGRESSIVE;
				GCC_WARN_UNUSED_FUNCTION = YES;
				GCC_WARN_UNUSED_VARIABLE = YES;
				IPHONEOS_DEPLOYMENT_TARGET = 16.2;
				MTL_ENABLE_DEBUG_INFO = INCLUDE_SOURCE;
				MTL_FAST_MATH = YES;
				ONLY_ACTIVE_ARCH = YES;
				SDKROOT = iphoneos;
				SWIFT_ACTIVE_COMPILATION_CONDITIONS = DEBUG;
				SWIFT_OPTIMIZATION_LEVEL = "-Onone";
			};
			name = Debug;
		};
		51CEDEF22CBBD257006EC086 /* Release */ = {
			isa = XCBuildConfiguration;
			buildSettings = {
				ALWAYS_SEARCH_USER_PATHS = NO;
				CLANG_ANALYZER_NONNULL = YES;
				CLANG_ANALYZER_NUMBER_OBJECT_CONVERSION = YES_AGGRESSIVE;
				CLANG_CXX_LANGUAGE_STANDARD = "gnu++20";
				CLANG_ENABLE_MODULES = YES;
				CLANG_ENABLE_OBJC_ARC = YES;
				CLANG_ENABLE_OBJC_WEAK = YES;
				CLANG_WARN_BLOCK_CAPTURE_AUTORELEASING = YES;
				CLANG_WARN_BOOL_CONVERSION = YES;
				CLANG_WARN_COMMA = YES;
				CLANG_WARN_CONSTANT_CONVERSION = YES;
				CLANG_WARN_DEPRECATED_OBJC_IMPLEMENTATIONS = YES;
				CLANG_WARN_DIRECT_OBJC_ISA_USAGE = YES_ERROR;
				CLANG_WARN_DOCUMENTATION_COMMENTS = YES;
				CLANG_WARN_EMPTY_BODY = YES;
				CLANG_WARN_ENUM_CONVERSION = YES;
				CLANG_WARN_INFINITE_RECURSION = YES;
				CLANG_WARN_INT_CONVERSION = YES;
				CLANG_WARN_NON_LITERAL_NULL_CONVERSION = YES;
				CLANG_WARN_OBJC_IMPLICIT_RETAIN_SELF = YES;
				CLANG_WARN_OBJC_LITERAL_CONVERSION = YES;
				CLANG_WARN_OBJC_ROOT_CLASS = YES_ERROR;
				CLANG_WARN_QUOTED_INCLUDE_IN_FRAMEWORK_HEADER = YES;
				CLANG_WARN_RANGE_LOOP_ANALYSIS = YES;
				CLANG_WARN_STRICT_PROTOTYPES = YES;
				CLANG_WARN_SUSPICIOUS_MOVE = YES;
				CLANG_WARN_UNGUARDED_AVAILABILITY = YES_AGGRESSIVE;
				CLANG_WARN_UNREACHABLE_CODE = YES;
				CLANG_WARN__DUPLICATE_METHOD_MATCH = YES;
				COPY_PHASE_STRIP = NO;
				DEBUG_INFORMATION_FORMAT = "dwarf-with-dsym";
				ENABLE_NS_ASSERTIONS = NO;
				ENABLE_STRICT_OBJC_MSGSEND = YES;
				GCC_C_LANGUAGE_STANDARD = gnu11;
				GCC_NO_COMMON_BLOCKS = YES;
				GCC_WARN_64_TO_32_BIT_CONVERSION = YES;
				GCC_WARN_ABOUT_RETURN_TYPE = YES_ERROR;
				GCC_WARN_UNDECLARED_SELECTOR = YES;
				GCC_WARN_UNINITIALIZED_AUTOS = YES_AGGRESSIVE;
				GCC_WARN_UNUSED_FUNCTION = YES;
				GCC_WARN_UNUSED_VARIABLE = YES;
				IPHONEOS_DEPLOYMENT_TARGET = 16.2;
				MTL_ENABLE_DEBUG_INFO = NO;
				MTL_FAST_MATH = YES;
				SDKROOT = iphoneos;
				SWIFT_COMPILATION_MODE = wholemodule;
				SWIFT_OPTIMIZATION_LEVEL = "-O";
				VALIDATE_PRODUCT = YES;
			};
			name = Release;
		};
		51CEDEF42CBBD257006EC086 /* Debug */ = {
			isa = XCBuildConfiguration;
			buildSettings = {
				ASSETCATALOG_COMPILER_APPICON_NAME = AppIcon;
				ASSETCATALOG_COMPILER_GLOBAL_ACCENT_COLOR_NAME = AccentColor;
				CODE_SIGN_STYLE = Automatic;
				CURRENT_PROJECT_VERSION = 1;
				DEVELOPMENT_ASSET_PATHS = "\"Pocket Size Skye/Preview Content\"";
				ENABLE_PREVIEWS = YES;
				GENERATE_INFOPLIST_FILE = YES;
				INFOPLIST_KEY_UIApplicationSceneManifest_Generation = YES;
				INFOPLIST_KEY_UIApplicationSupportsIndirectInputEvents = YES;
				INFOPLIST_KEY_UILaunchScreen_Generation = YES;
				INFOPLIST_KEY_UISupportedInterfaceOrientations_iPad = "UIInterfaceOrientationPortrait UIInterfaceOrientationPortraitUpsideDown UIInterfaceOrientationLandscapeLeft UIInterfaceOrientationLandscapeRight";
				INFOPLIST_KEY_UISupportedInterfaceOrientations_iPhone = "UIInterfaceOrientationPortrait UIInterfaceOrientationLandscapeLeft UIInterfaceOrientationLandscapeRight";
				LD_RUNPATH_SEARCH_PATHS = (
					"$(inherited)",
					"@executable_path/Frameworks",
				);
				MARKETING_VERSION = 1.0;
				PRODUCT_BUNDLE_IDENTIFIER = "IOSAPP.Pocket-Size-Skye";
				PRODUCT_NAME = "$(TARGET_NAME)";
				SWIFT_EMIT_LOC_STRINGS = YES;
				SWIFT_VERSION = 5.0;
				TARGETED_DEVICE_FAMILY = "1,2";
			};
			name = Debug;
		};
		51CEDEF52CBBD257006EC086 /* Release */ = {
			isa = XCBuildConfiguration;
			buildSettings = {
				ASSETCATALOG_COMPILER_APPICON_NAME = AppIcon;
				ASSETCATALOG_COMPILER_GLOBAL_ACCENT_COLOR_NAME = AccentColor;
				CODE_SIGN_STYLE = Automatic;
				CURRENT_PROJECT_VERSION = 1;
				DEVELOPMENT_ASSET_PATHS = "\"Pocket Size Skye/Preview Content\"";
				ENABLE_PREVIEWS = YES;
				GENERATE_INFOPLIST_FILE = YES;
				INFOPLIST_KEY_UIApplicationSceneManifest_Generation = YES;
				INFOPLIST_KEY_UIApplicationSupportsIndirectInputEvents = YES;
				INFOPLIST_KEY_UILaunchScreen_Generation = YES;
				INFOPLIST_KEY_UISupportedInterfaceOrientations_iPad = "UIInterfaceOrientationPortrait UIInterfaceOrientationPortraitUpsideDown UIInterfaceOrientationLandscapeLeft UIInterfaceOrientationLandscapeRight";
				INFOPLIST_KEY_UISupportedInterfaceOrientations_iPhone = "UIInterfaceOrientationPortrait UIInterfaceOrientationLandscapeLeft UIInterfaceOrientationLandscapeRight";
				LD_RUNPATH_SEARCH_PATHS = (
					"$(inherited)",
					"@executable_path/Frameworks",
				);
				MARKETING_VERSION = 1.0;
				PRODUCT_BUNDLE_IDENTIFIER = "IOSAPP.Pocket-Size-Skye";
				PRODUCT_NAME = "$(TARGET_NAME)";
				SWIFT_EMIT_LOC_STRINGS = YES;
				SWIFT_VERSION = 5.0;
				TARGETED_DEVICE_FAMILY = "1,2";
			};
			name = Release;
		};
		51CEDEF72CBBD257006EC086 /* Debug */ = {
			isa = XCBuildConfiguration;
			buildSettings = {
				ALWAYS_EMBED_SWIFT_STANDARD_LIBRARIES = YES;
				BUNDLE_LOADER = "$(TEST_HOST)";
				CODE_SIGN_STYLE = Automatic;
				CURRENT_PROJECT_VERSION = 1;
				GENERATE_INFOPLIST_FILE = YES;
				IPHONEOS_DEPLOYMENT_TARGET = 16.2;
				MARKETING_VERSION = 1.0;
				PRODUCT_BUNDLE_IDENTIFIER = "IOSAPP.Pocket-Size-SkyeTests";
				PRODUCT_NAME = "$(TARGET_NAME)";
				SWIFT_EMIT_LOC_STRINGS = NO;
				SWIFT_VERSION = 5.0;
				TARGETED_DEVICE_FAMILY = "1,2";
				TEST_HOST = "$(BUILT_PRODUCTS_DIR)/Pocket Size Skye.app/$(BUNDLE_EXECUTABLE_FOLDER_PATH)/Pocket Size Skye";
			};
			name = Debug;
		};
		51CEDEF82CBBD257006EC086 /* Release */ = {
			isa = XCBuildConfiguration;
			buildSettings = {
				ALWAYS_EMBED_SWIFT_STANDARD_LIBRARIES = YES;
				BUNDLE_LOADER = "$(TEST_HOST)";
				CODE_SIGN_STYLE = Automatic;
				CURRENT_PROJECT_VERSION = 1;
				GENERATE_INFOPLIST_FILE = YES;
				IPHONEOS_DEPLOYMENT_TARGET = 16.2;
				MARKETING_VERSION = 1.0;
				PRODUCT_BUNDLE_IDENTIFIER = "IOSAPP.Pocket-Size-SkyeTests";
				PRODUCT_NAME = "$(TARGET_NAME)";
				SWIFT_EMIT_LOC_STRINGS = NO;
				SWIFT_VERSION = 5.0;
				TARGETED_DEVICE_FAMILY = "1,2";
				TEST_HOST = "$(BUILT_PRODUCTS_DIR)/Pocket Size Skye.app/$(BUNDLE_EXECUTABLE_FOLDER_PATH)/Pocket Size Skye";
			};
			name = Release;
		};
		51CEDEFA2CBBD257006EC086 /* Debug */ = {
			isa = XCBuildConfiguration;
			buildSettings = {
				ALWAYS_EMBED_SWIFT_STANDARD_LIBRARIES = YES;
				CODE_SIGN_STYLE = Automatic;
				CURRENT_PROJECT_VERSION = 1;
				GENERATE_INFOPLIST_FILE = YES;
				MARKETING_VERSION = 1.0;
				PRODUCT_BUNDLE_IDENTIFIER = "IOSAPP.Pocket-Size-SkyeUITests";
				PRODUCT_NAME = "$(TARGET_NAME)";
				SWIFT_EMIT_LOC_STRINGS = NO;
				SWIFT_VERSION = 5.0;
				TARGETED_DEVICE_FAMILY = "1,2";
				TEST_TARGET_NAME = "Pocket Size Skye";
			};
			name = Debug;
		};
		51CEDEFB2CBBD257006EC086 /* Release */ = {
			isa = XCBuildConfiguration;
			buildSettings = {
				ALWAYS_EMBED_SWIFT_STANDARD_LIBRARIES = YES;
				CODE_SIGN_STYLE = Automatic;
				CURRENT_PROJECT_VERSION = 1;
				GENERATE_INFOPLIST_FILE = YES;
				MARKETING_VERSION = 1.0;
				PRODUCT_BUNDLE_IDENTIFIER = "IOSAPP.Pocket-Size-SkyeUITests";
				PRODUCT_NAME = "$(TARGET_NAME)";
				SWIFT_EMIT_LOC_STRINGS = NO;
				SWIFT_VERSION = 5.0;
				TARGETED_DEVICE_FAMILY = "1,2";
				TEST_TARGET_NAME = "Pocket Size Skye";
			};
			name = Release;
		};
/* End XCBuildConfiguration section */

/* Begin XCConfigurationList section */
		51CEDECA2CBBD24D006EC086 /* Build configuration list for PBXProject "Pocket Size Skye" */ = {
			isa = XCConfigurationList;
			buildConfigurations = (
				51CEDEF12CBBD257006EC086 /* Debug */,
				51CEDEF22CBBD257006EC086 /* Release */,
			);
			defaultConfigurationIsVisible = 0;
			defaultConfigurationName = Release;
		};
		51CEDEF32CBBD257006EC086 /* Build configuration list for PBXNativeTarget "Pocket Size Skye" */ = {
			isa = XCConfigurationList;
			buildConfigurations = (
				51CEDEF42CBBD257006EC086 /* Debug */,
				51CEDEF52CBBD257006EC086 /* Release */,
			);
			defaultConfigurationIsVisible = 0;
			defaultConfigurationName = Release;
		};
		51CEDEF62CBBD257006EC086 /* Build configuration list for PBXNativeTarget "Pocket Size SkyeTests" */ = {
			isa = XCConfigurationList;
			buildConfigurations = (
				51CEDEF72CBBD257006EC086 /* Debug */,
				51CEDEF82CBBD257006EC086 /* Release */,
			);
			defaultConfigurationIsVisible = 0;
			defaultConfigurationName = Release;
		};
		51CEDEF92CBBD257006EC086 /* Build configuration list for PBXNativeTarget "Pocket Size SkyeUITests" */ = {
			isa = XCConfigurationList;
			buildConfigurations = (
				51CEDEFA2CBBD257006EC086 /* Debug */,
				51CEDEFB2CBBD257006EC086 /* Release */,
			);
			defaultConfigurationIsVisible = 0;
			defaultConfigurationName = Release;
		};
/* End XCConfigurationList section */
	};
	rootObject = 51CEDEC72CBBD24D006EC086 /* Project object */;
}
